// !$*UTF8*$!
{
	archiveVersion = 1;
	classes = {
	};
	objectVersion = 46;
	objects = {

/* Begin PBXBuildFile section */
		0DFD7D94E21344D8ED2F2A0B /* MainInteractorInput.swift in Sources */ = {isa = PBXBuildFile; fileRef = 96DF78C9C7BA6E6F7189A418 /* MainInteractorInput.swift */; };
		260AB9CACCAD38ABACB8778A /* MainRouter.swift in Sources */ = {isa = PBXBuildFile; fileRef = 783A0880B3DF42B3F8A78C19 /* MainRouter.swift */; };
		2A9FBE33F19BD040D88783D9 /* MainRouterInput.swift in Sources */ = {isa = PBXBuildFile; fileRef = 65D811776866E895D5A5F1B5 /* MainRouterInput.swift */; };
		397131E5DEED8F6BF696DA33 /* Pods_Shrubbery.framework in Frameworks */ = {isa = PBXBuildFile; fileRef = 945C1D9720AA8CE700BBC574 /* Pods_Shrubbery.framework */; };
		42D5CA22E873274288930756 /* MainInitializer.swift in Sources */ = {isa = PBXBuildFile; fileRef = FE3B3DE7674A5E93E8A579E4 /* MainInitializer.swift */; };
		60700041FB4C9F3579C0F1FA /* Log.swift in Sources */ = {isa = PBXBuildFile; fileRef = 60700F983957E4F3B424077A /* Log.swift */; };
		607003173AD4A19D3FF31116 /* Interactor.swift in Sources */ = {isa = PBXBuildFile; fileRef = 607003C6FDB1A5F53C57F1A5 /* Interactor.swift */; };
		6070090E3AA1C66CB0F002AB /* AppDelegate.swift in Sources */ = {isa = PBXBuildFile; fileRef = 607007C2D10FCCD7F7FAD0B5 /* AppDelegate.swift */; };
		607009C19C9F630CC9A6423D /* ObjectExt.swift in Sources */ = {isa = PBXBuildFile; fileRef = 6070019E10623AC64F2F3BF7 /* ObjectExt.swift */; };
		60700AFE519EE1949BD35D50 /* Assets.xcassets in Resources */ = {isa = PBXBuildFile; fileRef = 60700613F24FAFF9E2FA694C /* Assets.xcassets */; };
		60700B79FAF114E3A533FCC1 /* View.swift in Sources */ = {isa = PBXBuildFile; fileRef = 60700B528755C1C863EFAAAB /* View.swift */; };
		60700CF6D367C6FFF7220595 /* MainPresenterInput.swift in Sources */ = {isa = PBXBuildFile; fileRef = 60700A4751310FB333C48463 /* MainPresenterInput.swift */; };
		60700E3E12577891180901CB /* LaunchScreen.storyboard in Resources */ = {isa = PBXBuildFile; fileRef = 6070043634FBDBA75C6D84F2 /* LaunchScreen.storyboard */; };
		60700ED6D43490B6AF61EF95 /* Main.storyboard in Resources */ = {isa = PBXBuildFile; fileRef = 60700B6AC725B0A0A31874AD /* Main.storyboard */; };
		60700F2A4D066867635B92EB /* Router.swift in Sources */ = {isa = PBXBuildFile; fileRef = 60700442E4382BF75D44E923 /* Router.swift */; };
		60700FDD11189C73C18E68F0 /* Presenter.swift in Sources */ = {isa = PBXBuildFile; fileRef = 607007F5D53A13DFB20FF58F /* Presenter.swift */; };
		94EC700F20AAE785002A277E /* MainViewController.swift in Sources */ = {isa = PBXBuildFile; fileRef = 94EC700E20AAE785002A277E /* MainViewController.swift */; };
		954A87D53B2247AEEC6C0CCC /* MainConfigurator.swift in Sources */ = {isa = PBXBuildFile; fileRef = 5A2F9ED70CE617E552865876 /* MainConfigurator.swift */; };
		AFFA748641539BA8E17525CC /* MainPresenter.swift in Sources */ = {isa = PBXBuildFile; fileRef = 82414F08BAEC0034F65A4047 /* MainPresenter.swift */; };
		DB0AFAB6EF029C6DAA11C590 /* MainInteractor.swift in Sources */ = {isa = PBXBuildFile; fileRef = FEB8EDACD34199A5A5ECBCCE /* MainInteractor.swift */; };
		FD1E79476EDB821BA0E3DDEC /* MainViewInput.swift in Sources */ = {isa = PBXBuildFile; fileRef = BCFB307D1D1E560DECD6F13B /* MainViewInput.swift */; };
/* End PBXBuildFile section */

/* Begin PBXFileReference section */
		12AE27D383FD2C8A4418B790 /* Pods-Shrubbery.release.xcconfig */ = {isa = PBXFileReference; includeInIndex = 1; lastKnownFileType = text.xcconfig; name = "Pods-Shrubbery.release.xcconfig"; path = "Pods/Target Support Files/Pods-Shrubbery/Pods-Shrubbery.release.xcconfig"; sourceTree = "<group>"; };
		4AE5FA136FD00E5428A1957B /* Pods-Shrubbery.debug.xcconfig */ = {isa = PBXFileReference; includeInIndex = 1; lastKnownFileType = text.xcconfig; name = "Pods-Shrubbery.debug.xcconfig"; path = "Pods/Target Support Files/Pods-Shrubbery/Pods-Shrubbery.debug.xcconfig"; sourceTree = "<group>"; };
		5A2F9ED70CE617E552865876 /* MainConfigurator.swift */ = {isa = PBXFileReference; includeInIndex = 1; lastKnownFileType = sourcecode.swift; path = MainConfigurator.swift; sourceTree = "<group>"; };
		607001006CC5EEC1260E4576 /* Info.plist */ = {isa = PBXFileReference; fileEncoding = 4; lastKnownFileType = text.plist.info; path = Info.plist; sourceTree = "<group>"; };
		6070019E10623AC64F2F3BF7 /* ObjectExt.swift */ = {isa = PBXFileReference; fileEncoding = 4; lastKnownFileType = sourcecode.swift; path = ObjectExt.swift; sourceTree = "<group>"; };
		607003C6FDB1A5F53C57F1A5 /* Interactor.swift */ = {isa = PBXFileReference; fileEncoding = 4; lastKnownFileType = sourcecode.swift; path = Interactor.swift; sourceTree = "<group>"; };
		60700442E4382BF75D44E923 /* Router.swift */ = {isa = PBXFileReference; fileEncoding = 4; lastKnownFileType = sourcecode.swift; path = Router.swift; sourceTree = "<group>"; };
		60700613F24FAFF9E2FA694C /* Assets.xcassets */ = {isa = PBXFileReference; lastKnownFileType = folder.assetcatalog; path = Assets.xcassets; sourceTree = "<group>"; };
		607007C2D10FCCD7F7FAD0B5 /* AppDelegate.swift */ = {isa = PBXFileReference; fileEncoding = 4; lastKnownFileType = sourcecode.swift; path = AppDelegate.swift; sourceTree = "<group>"; };
		607007F5D53A13DFB20FF58F /* Presenter.swift */ = {isa = PBXFileReference; fileEncoding = 4; lastKnownFileType = sourcecode.swift; path = Presenter.swift; sourceTree = "<group>"; };
		60700A4751310FB333C48463 /* MainPresenterInput.swift */ = {isa = PBXFileReference; fileEncoding = 4; lastKnownFileType = sourcecode.swift; path = MainPresenterInput.swift; sourceTree = "<group>"; };
		60700B528755C1C863EFAAAB /* View.swift */ = {isa = PBXFileReference; fileEncoding = 4; lastKnownFileType = sourcecode.swift; path = View.swift; sourceTree = "<group>"; };
		60700B6AC725B0A0A31874AD /* Main.storyboard */ = {isa = PBXFileReference; lastKnownFileType = file.storyboard; path = Main.storyboard; sourceTree = "<group>"; };
		60700E0B354BCD788E706105 /* Base */ = {isa = PBXFileReference; lastKnownFileType = file.storyboard; name = Base; path = Base.lproj/LaunchScreen.storyboard; sourceTree = "<group>"; };
		60700F983957E4F3B424077A /* Log.swift */ = {isa = PBXFileReference; fileEncoding = 4; lastKnownFileType = sourcecode.swift; path = Log.swift; sourceTree = "<group>"; };
		65D811776866E895D5A5F1B5 /* MainRouterInput.swift */ = {isa = PBXFileReference; includeInIndex = 1; lastKnownFileType = sourcecode.swift; path = MainRouterInput.swift; sourceTree = "<group>"; };
		783A0880B3DF42B3F8A78C19 /* MainRouter.swift */ = {isa = PBXFileReference; includeInIndex = 1; lastKnownFileType = sourcecode.swift; path = MainRouter.swift; sourceTree = "<group>"; };
		82414F08BAEC0034F65A4047 /* MainPresenter.swift */ = {isa = PBXFileReference; includeInIndex = 1; lastKnownFileType = sourcecode.swift; path = MainPresenter.swift; sourceTree = "<group>"; };
		945C1D9720AA8CE700BBC574 /* Pods_Shrubbery.framework */ = {isa = PBXFileReference; explicitFileType = wrapper.framework; path = Pods_Shrubbery.framework; sourceTree = BUILT_PRODUCTS_DIR; };
		94D9353320AA753300520CDF /* Shrubbery.app */ = {isa = PBXFileReference; explicitFileType = wrapper.application; includeInIndex = 0; path = Shrubbery.app; sourceTree = BUILT_PRODUCTS_DIR; };
		94EC700E20AAE785002A277E /* MainViewController.swift */ = {isa = PBXFileReference; fileEncoding = 4; lastKnownFileType = sourcecode.swift; path = MainViewController.swift; sourceTree = "<group>"; };
		96DF78C9C7BA6E6F7189A418 /* MainInteractorInput.swift */ = {isa = PBXFileReference; includeInIndex = 1; lastKnownFileType = sourcecode.swift; path = MainInteractorInput.swift; sourceTree = "<group>"; };
		AC6A6986FD41FB828D0DF90B /* Pods_Shrubbery.framework */ = {isa = PBXFileReference; explicitFileType = wrapper.framework; includeInIndex = 0; path = Pods_Shrubbery.framework; sourceTree = BUILT_PRODUCTS_DIR; };
		BCFB307D1D1E560DECD6F13B /* MainViewInput.swift */ = {isa = PBXFileReference; includeInIndex = 1; lastKnownFileType = sourcecode.swift; path = MainViewInput.swift; sourceTree = "<group>"; };
		FE3B3DE7674A5E93E8A579E4 /* MainInitializer.swift */ = {isa = PBXFileReference; includeInIndex = 1; lastKnownFileType = sourcecode.swift; path = MainInitializer.swift; sourceTree = "<group>"; };
		FEB8EDACD34199A5A5ECBCCE /* MainInteractor.swift */ = {isa = PBXFileReference; includeInIndex = 1; lastKnownFileType = sourcecode.swift; path = MainInteractor.swift; sourceTree = "<group>"; };
/* End PBXFileReference section */

/* Begin PBXFrameworksBuildPhase section */
		60700E83BF24A8EA32F67A56 /* Frameworks */ = {
			isa = PBXFrameworksBuildPhase;
			buildActionMask = 2147483647;
			files = (
				397131E5DEED8F6BF696DA33 /* Pods_Shrubbery.framework in Frameworks */,
			);
			runOnlyForDeploymentPostprocessing = 0;
		};
/* End PBXFrameworksBuildPhase section */

/* Begin PBXGroup section */
		00A95EE0DDEB4ECD2E5FFE76 /* Pods */ = {
			isa = PBXGroup;
			children = (
				4AE5FA136FD00E5428A1957B /* Pods-Shrubbery.debug.xcconfig */,
				12AE27D383FD2C8A4418B790 /* Pods-Shrubbery.release.xcconfig */,
			);
			name = Pods;
			sourceTree = "<group>";
		};
		19B89C6E911ECC81AB124323 /* Configurator */ = {
			isa = PBXGroup;
			children = (
				5A2F9ED70CE617E552865876 /* MainConfigurator.swift */,
				FE3B3DE7674A5E93E8A579E4 /* MainInitializer.swift */,
			);
			path = Configurator;
			sourceTree = "<group>";
		};
		1DBAC7BAB5F0F26F544B8669 /* Presenter */ = {
			isa = PBXGroup;
			children = (
				82414F08BAEC0034F65A4047 /* MainPresenter.swift */,
				60700A4751310FB333C48463 /* MainPresenterInput.swift */,
			);
			path = Presenter;
			sourceTree = "<group>";
		};
		5DD3145E08FCB2A2A0962814 /* Main */ = {
			isa = PBXGroup;
			children = (
				9D8DDFE1C8FA9E375DC73435 /* View */,
				1DBAC7BAB5F0F26F544B8669 /* Presenter */,
				7599C1065BECD64B56292418 /* Interactor */,
				889D696D8F5BBE859E9F9125 /* Router */,
				19B89C6E911ECC81AB124323 /* Configurator */,
			);
			path = Main;
			sourceTree = "<group>";
		};
		607000630C953BC7F2C5D28D /* Extensions */ = {
			isa = PBXGroup;
			children = (
				60700F983957E4F3B424077A /* Log.swift */,
				6070019E10623AC64F2F3BF7 /* ObjectExt.swift */,
			);
			path = Extensions;
			sourceTree = "<group>";
		};
		6070011543AA2EB2A47D77B8 /* View */ = {
			isa = PBXGroup;
			children = (
				60700B528755C1C863EFAAAB /* View.swift */,
			);
			path = View;
			sourceTree = "<group>";
		};
		6070013ABF27A1263873966C /* Presenter */ = {
			isa = PBXGroup;
			children = (
				607007F5D53A13DFB20FF58F /* Presenter.swift */,
			);
			path = Presenter;
			sourceTree = "<group>";
		};
		607001AF500194FD79A8F566 /* SupportedFiles */ = {
			isa = PBXGroup;
			children = (
				607001006CC5EEC1260E4576 /* Info.plist */,
			);
			path = SupportedFiles;
			sourceTree = "<group>";
		};
		607001D9A3B62C695BA56E0C /* Utils */ = {
			isa = PBXGroup;
			children = (
				607000630C953BC7F2C5D28D /* Extensions */,
			);
			path = Utils;
			sourceTree = "<group>";
		};
		607003029AE5D5FD7F635F36 /* Modules */ = {
			isa = PBXGroup;
			children = (
				5DD3145E08FCB2A2A0962814 /* Main */,
				607003415A2AA3C182251FB5 /* Base */,
			);
			path = Modules;
			sourceTree = "<group>";
		};
		607003415A2AA3C182251FB5 /* Base */ = {
			isa = PBXGroup;
			children = (
				607005DE9BD9F5C8A815D134 /* Interactor */,
				6070013ABF27A1263873966C /* Presenter */,
				6070011543AA2EB2A47D77B8 /* View */,
				60700748B394FF8EB9340716 /* Router */,
			);
			path = Base;
			sourceTree = "<group>";
		};
		60700597B0F98C1235C4A33E = {
			isa = PBXGroup;
			children = (
				60700747A750ECCBB13DABBA /* Shrubbery */,
				00A95EE0DDEB4ECD2E5FFE76 /* Pods */,
				E536AB415AC33EF0B43DDB32 /* Frameworks */,
				94D9353320AA753300520CDF /* Shrubbery.app */,
			);
			sourceTree = "<group>";
		};
		607005DE9BD9F5C8A815D134 /* Interactor */ = {
			isa = PBXGroup;
			children = (
				607003C6FDB1A5F53C57F1A5 /* Interactor.swift */,
			);
			path = Interactor;
			sourceTree = "<group>";
		};
		60700747A750ECCBB13DABBA /* Shrubbery */ = {
			isa = PBXGroup;
			children = (
				945C1D7820AA88C800BBC574 /* Base.lproj */,
				607003029AE5D5FD7F635F36 /* Modules */,
				60700D517AC2A15B1B38A076 /* Entities */,
				60700EB994B354175D4A5E23 /* Resources */,
				607001AF500194FD79A8F566 /* SupportedFiles */,
				607007C2D10FCCD7F7FAD0B5 /* AppDelegate.swift */,
				607009A525628B5E69A428EB /* Common */,
			);
			path = Shrubbery;
			sourceTree = "<group>";
		};
		60700748B394FF8EB9340716 /* Router */ = {
			isa = PBXGroup;
			children = (
				60700442E4382BF75D44E923 /* Router.swift */,
			);
			path = Router;
			sourceTree = "<group>";
		};
		607009A525628B5E69A428EB /* Common */ = {
			isa = PBXGroup;
			children = (
				607001D9A3B62C695BA56E0C /* Utils */,
			);
			path = Common;
			sourceTree = "<group>";
		};
		60700D517AC2A15B1B38A076 /* Entities */ = {
			isa = PBXGroup;
			children = (
			);
			path = Entities;
			sourceTree = "<group>";
		};
		60700EB994B354175D4A5E23 /* Resources */ = {
			isa = PBXGroup;
			children = (
				60700613F24FAFF9E2FA694C /* Assets.xcassets */,
			);
			path = Resources;
			sourceTree = "<group>";
		};
		7599C1065BECD64B56292418 /* Interactor */ = {
			isa = PBXGroup;
			children = (
				96DF78C9C7BA6E6F7189A418 /* MainInteractorInput.swift */,
				FEB8EDACD34199A5A5ECBCCE /* MainInteractor.swift */,
			);
			path = Interactor;
			sourceTree = "<group>";
		};
		889D696D8F5BBE859E9F9125 /* Router */ = {
			isa = PBXGroup;
			children = (
				65D811776866E895D5A5F1B5 /* MainRouterInput.swift */,
				783A0880B3DF42B3F8A78C19 /* MainRouter.swift */,
			);
			path = Router;
			sourceTree = "<group>";
		};
		945C1D7820AA88C800BBC574 /* Base.lproj */ = {
			isa = PBXGroup;
			children = (
				6070043634FBDBA75C6D84F2 /* LaunchScreen.storyboard */,
			);
			name = Base.lproj;
			sourceTree = "<group>";
		};
		9D8DDFE1C8FA9E375DC73435 /* View */ = {
			isa = PBXGroup;
			children = (
				94EC700E20AAE785002A277E /* MainViewController.swift */,
				BCFB307D1D1E560DECD6F13B /* MainViewInput.swift */,
				60700B6AC725B0A0A31874AD /* Main.storyboard */,
			);
			path = View;
			sourceTree = "<group>";
		};
		E536AB415AC33EF0B43DDB32 /* Frameworks */ = {
			isa = PBXGroup;
			children = (
				945C1D9720AA8CE700BBC574 /* Pods_Shrubbery.framework */,
				AC6A6986FD41FB828D0DF90B /* Pods_Shrubbery.framework */,
			);
			name = Frameworks;
			sourceTree = "<group>";
		};
/* End PBXGroup section */

/* Begin PBXNativeTarget section */
		6070007CDB7C2176BA17DECE /* Shrubbery */ = {
			isa = PBXNativeTarget;
			buildConfigurationList = 60700BFDAA103C6BE03C4D71 /* Build configuration list for PBXNativeTarget "Shrubbery" */;
			buildPhases = (
				059600A2A8DE699442511666 /* [CP] Check Pods Manifest.lock */,
				607006DB7FAD677AEAA7B8EA /* Sources */,
				60700E83BF24A8EA32F67A56 /* Frameworks */,
				60700FE5C5D911D27B8247B2 /* Resources */,
				EF42D925E13CE19979EE558D /* [CP] Embed Pods Frameworks */,
			);
			buildRules = (
			);
			dependencies = (
			);
			name = Shrubbery;
			productName = shrubbery;
			productReference = 94D9353320AA753300520CDF /* Shrubbery.app */;
			productType = "com.apple.product-type.application";
		};
/* End PBXNativeTarget section */

/* Begin PBXProject section */
		60700E5A2C80310458269A57 /* Project object */ = {
			isa = PBXProject;
			attributes = {
				ORGANIZATIONNAME = "___FULLUSERNAME___";
				TargetAttributes = {
					6070007CDB7C2176BA17DECE = {
						DevelopmentTeam = U9W4S92WSP;
					};
				};
			};
			buildConfigurationList = 60700A42C7E3C7E5A1BBF842 /* Build configuration list for PBXProject "Shrubbery" */;
			compatibilityVersion = "Xcode 3.2";
			developmentRegion = English;
			hasScannedForEncodings = 0;
			knownRegions = (
				en,
			);
			mainGroup = 60700597B0F98C1235C4A33E;
			productRefGroup = 60700597B0F98C1235C4A33E;
			projectDirPath = "";
			projectRoot = "";
			targets = (
				6070007CDB7C2176BA17DECE /* Shrubbery */,
			);
		};
/* End PBXProject section */

/* Begin PBXResourcesBuildPhase section */
		60700FE5C5D911D27B8247B2 /* Resources */ = {
			isa = PBXResourcesBuildPhase;
			buildActionMask = 2147483647;
			files = (
				60700AFE519EE1949BD35D50 /* Assets.xcassets in Resources */,
				60700E3E12577891180901CB /* LaunchScreen.storyboard in Resources */,
				60700ED6D43490B6AF61EF95 /* Main.storyboard in Resources */,
			);
			runOnlyForDeploymentPostprocessing = 0;
		};
/* End PBXResourcesBuildPhase section */

/* Begin PBXShellScriptBuildPhase section */
		059600A2A8DE699442511666 /* [CP] Check Pods Manifest.lock */ = {
			isa = PBXShellScriptBuildPhase;
			buildActionMask = 2147483647;
			files = (
			);
			inputPaths = (
				"${PODS_PODFILE_DIR_PATH}/Podfile.lock",
				"${PODS_ROOT}/Manifest.lock",
			);
			name = "[CP] Check Pods Manifest.lock";
			outputPaths = (
				"$(DERIVED_FILE_DIR)/Pods-Shrubbery-checkManifestLockResult.txt",
			);
			runOnlyForDeploymentPostprocessing = 0;
			shellPath = /bin/sh;
			shellScript = "diff \"${PODS_PODFILE_DIR_PATH}/Podfile.lock\" \"${PODS_ROOT}/Manifest.lock\" > /dev/null\nif [ $? != 0 ] ; then\n    # print error to STDERR\n    echo \"error: The sandbox is not in sync with the Podfile.lock. Run 'pod install' or update your CocoaPods installation.\" >&2\n    exit 1\nfi\n# This output is used by Xcode 'outputs' to avoid re-running this script phase.\necho \"SUCCESS\" > \"${SCRIPT_OUTPUT_FILE_0}\"\n";
			showEnvVarsInLog = 0;
		};
		EF42D925E13CE19979EE558D /* [CP] Embed Pods Frameworks */ = {
			isa = PBXShellScriptBuildPhase;
			buildActionMask = 2147483647;
			files = (
			);
			inputPaths = (
				"${SRCROOT}/Pods/Target Support Files/Pods-Shrubbery/Pods-Shrubbery-frameworks.sh",
				"${BUILT_PRODUCTS_DIR}/Alamofire/Alamofire.framework",
				"${BUILT_PRODUCTS_DIR}/RxCocoa/RxCocoa.framework",
				"${BUILT_PRODUCTS_DIR}/RxSwift/RxSwift.framework",
				"${BUILT_PRODUCTS_DIR}/SwiftyBeaver/SwiftyBeaver.framework",
				"${BUILT_PRODUCTS_DIR}/SwiftyJSON/SwiftyJSON.framework",
				"${BUILT_PRODUCTS_DIR}/Swinject/Swinject.framework",
			);
			name = "[CP] Embed Pods Frameworks";
			outputPaths = (
				"${TARGET_BUILD_DIR}/${FRAMEWORKS_FOLDER_PATH}/Alamofire.framework",
				"${TARGET_BUILD_DIR}/${FRAMEWORKS_FOLDER_PATH}/RxCocoa.framework",
				"${TARGET_BUILD_DIR}/${FRAMEWORKS_FOLDER_PATH}/RxSwift.framework",
				"${TARGET_BUILD_DIR}/${FRAMEWORKS_FOLDER_PATH}/SwiftyBeaver.framework",
				"${TARGET_BUILD_DIR}/${FRAMEWORKS_FOLDER_PATH}/SwiftyJSON.framework",
				"${TARGET_BUILD_DIR}/${FRAMEWORKS_FOLDER_PATH}/Swinject.framework",
			);
			runOnlyForDeploymentPostprocessing = 0;
			shellPath = /bin/sh;
			shellScript = "\"${SRCROOT}/Pods/Target Support Files/Pods-Shrubbery/Pods-Shrubbery-frameworks.sh\"\n";
			showEnvVarsInLog = 0;
		};
/* End PBXShellScriptBuildPhase section */

/* Begin PBXSourcesBuildPhase section */
		607006DB7FAD677AEAA7B8EA /* Sources */ = {
			isa = PBXSourcesBuildPhase;
			buildActionMask = 2147483647;
			files = (
				6070090E3AA1C66CB0F002AB /* AppDelegate.swift in Sources */,
				60700041FB4C9F3579C0F1FA /* Log.swift in Sources */,
				607009C19C9F630CC9A6423D /* ObjectExt.swift in Sources */,
				FD1E79476EDB821BA0E3DDEC /* MainViewInput.swift in Sources */,
				94EC700F20AAE785002A277E /* MainViewController.swift in Sources */,
				AFFA748641539BA8E17525CC /* MainPresenter.swift in Sources */,
				0DFD7D94E21344D8ED2F2A0B /* MainInteractorInput.swift in Sources */,
				DB0AFAB6EF029C6DAA11C590 /* MainInteractor.swift in Sources */,
				2A9FBE33F19BD040D88783D9 /* MainRouterInput.swift in Sources */,
				260AB9CACCAD38ABACB8778A /* MainRouter.swift in Sources */,
				954A87D53B2247AEEC6C0CCC /* MainConfigurator.swift in Sources */,
				42D5CA22E873274288930756 /* MainInitializer.swift in Sources */,
				60700CF6D367C6FFF7220595 /* MainPresenterInput.swift in Sources */,
				607003173AD4A19D3FF31116 /* Interactor.swift in Sources */,
				60700FDD11189C73C18E68F0 /* Presenter.swift in Sources */,
				60700F2A4D066867635B92EB /* Router.swift in Sources */,
				60700B79FAF114E3A533FCC1 /* View.swift in Sources */,
			);
			runOnlyForDeploymentPostprocessing = 0;
		};
/* End PBXSourcesBuildPhase section */

/* Begin PBXVariantGroup section */
		6070043634FBDBA75C6D84F2 /* LaunchScreen.storyboard */ = {
			isa = PBXVariantGroup;
			children = (
				60700E0B354BCD788E706105 /* Base */,
			);
			name = LaunchScreen.storyboard;
			sourceTree = "<group>";
		};
/* End PBXVariantGroup section */

/* Begin XCBuildConfiguration section */
		607002B678D88E7B4E2A4D01 /* Release */ = {
			isa = XCBuildConfiguration;
			buildSettings = {
				ALWAYS_SEARCH_USER_PATHS = NO;
				CLANG_ANALYZER_NONNULL = YES;
				CLANG_ANALYZER_NUMBER_OBJECT_CONVERSION = YES_AGGRESSIVE;
				CLANG_CXX_LANGUAGE_STANDARD = "gnu++14";
				CLANG_CXX_LIBRARY = "libc++";
				CLANG_ENABLE_MODULES = YES;
				CLANG_ENABLE_OBJC_ARC = YES;
				CLANG_WARN_BLOCK_CAPTURE_AUTORELEASING = YES;
				CLANG_WARN_BOOL_CONVERSION = YES;
				CLANG_WARN_COMMA = YES;
				CLANG_WARN_CONSTANT_CONVERSION = YES;
				CLANG_WARN_DIRECT_OBJC_ISA_USAGE = YES_ERROR;
				CLANG_WARN_DOCUMENTATION_COMMENTS = YES;
				CLANG_WARN_EMPTY_BODY = YES;
				CLANG_WARN_ENUM_CONVERSION = YES;
				CLANG_WARN_INFINITE_RECURSION = YES;
				CLANG_WARN_INT_CONVERSION = YES;
				CLANG_WARN_NON_LITERAL_NULL_CONVERSION = YES;
				CLANG_WARN_OBJC_LITERAL_CONVERSION = YES;
				CLANG_WARN_OBJC_ROOT_CLASS = YES_ERROR;
				CLANG_WARN_RANGE_LOOP_ANALYSIS = YES;
				CLANG_WARN_STRICT_PROTOTYPES = YES;
				CLANG_WARN_SUSPICIOUS_MOVE = YES;
				CLANG_WARN_UNGUARDED_AVAILABILITY = YES_AGGRESSIVE;
				CLANG_WARN_UNREACHABLE_CODE = YES;
				CLANG_WARN__DUPLICATE_METHOD_MATCH = YES;
				CODE_SIGN_IDENTITY = "iPhone Developer";
				COPY_PHASE_STRIP = NO;
				DEBUG_INFORMATION_FORMAT = "dwarf-with-dsym";
				ENABLE_BITCODE = NO;
				ENABLE_NS_ASSERTIONS = NO;
				ENABLE_STRICT_OBJC_MSGSEND = YES;
				GCC_C_LANGUAGE_STANDARD = gnu11;
				GCC_NO_COMMON_BLOCKS = YES;
				GCC_WARN_64_TO_32_BIT_CONVERSION = YES;
				GCC_WARN_ABOUT_RETURN_TYPE = YES_ERROR;
				GCC_WARN_UNDECLARED_SELECTOR = YES;
				GCC_WARN_UNINITIALIZED_AUTOS = YES_AGGRESSIVE;
				GCC_WARN_UNUSED_FUNCTION = YES;
				GCC_WARN_UNUSED_VARIABLE = YES;
				IPHONEOS_DEPLOYMENT_TARGET = 11.2;
				MTL_ENABLE_DEBUG_INFO = NO;
				SDKROOT = iphoneos;
				SWIFT_OPTIMIZATION_LEVEL = "-Owholemodule";
				VALIDATE_PRODUCT = YES;
				VALID_ARCHS = "arm64 armv7 armv7s";
			};
			name = Release;
		};
		607003E4FD2EC79FFCCF4ED4 /* Debug */ = {
			isa = XCBuildConfiguration;
			buildSettings = {
				ALWAYS_SEARCH_USER_PATHS = NO;
				CLANG_ANALYZER_NONNULL = YES;
				CLANG_ANALYZER_NUMBER_OBJECT_CONVERSION = YES_AGGRESSIVE;
				CLANG_CXX_LANGUAGE_STANDARD = "gnu++14";
				CLANG_CXX_LIBRARY = "libc++";
				CLANG_ENABLE_MODULES = YES;
				CLANG_ENABLE_OBJC_ARC = YES;
				CLANG_WARN_BLOCK_CAPTURE_AUTORELEASING = YES;
				CLANG_WARN_BOOL_CONVERSION = YES;
				CLANG_WARN_COMMA = YES;
				CLANG_WARN_CONSTANT_CONVERSION = YES;
				CLANG_WARN_DIRECT_OBJC_ISA_USAGE = YES_ERROR;
				CLANG_WARN_DOCUMENTATION_COMMENTS = YES;
				CLANG_WARN_EMPTY_BODY = YES;
				CLANG_WARN_ENUM_CONVERSION = YES;
				CLANG_WARN_INFINITE_RECURSION = YES;
				CLANG_WARN_INT_CONVERSION = YES;
				CLANG_WARN_NON_LITERAL_NULL_CONVERSION = YES;
				CLANG_WARN_OBJC_LITERAL_CONVERSION = YES;
				CLANG_WARN_OBJC_ROOT_CLASS = YES_ERROR;
				CLANG_WARN_RANGE_LOOP_ANALYSIS = YES;
				CLANG_WARN_STRICT_PROTOTYPES = YES;
				CLANG_WARN_SUSPICIOUS_MOVE = YES;
				CLANG_WARN_UNGUARDED_AVAILABILITY = YES_AGGRESSIVE;
				CLANG_WARN_UNREACHABLE_CODE = YES;
				CLANG_WARN__DUPLICATE_METHOD_MATCH = YES;
				CODE_SIGN_IDENTITY = "iPhone Developer";
				COPY_PHASE_STRIP = NO;
				DEBUG_INFORMATION_FORMAT = dwarf;
				ENABLE_BITCODE = NO;
				ENABLE_STRICT_OBJC_MSGSEND = YES;
				ENABLE_TESTABILITY = YES;
				GCC_C_LANGUAGE_STANDARD = gnu11;
				GCC_DYNAMIC_NO_PIC = NO;
				GCC_NO_COMMON_BLOCKS = YES;
				GCC_OPTIMIZATION_LEVEL = 0;
				GCC_PREPROCESSOR_DEFINITIONS = (
					"DEBUG=1",
					"$(inherited)",
				);
				GCC_WARN_64_TO_32_BIT_CONVERSION = YES;
				GCC_WARN_ABOUT_RETURN_TYPE = YES_ERROR;
				GCC_WARN_UNDECLARED_SELECTOR = YES;
				GCC_WARN_UNINITIALIZED_AUTOS = YES_AGGRESSIVE;
				GCC_WARN_UNUSED_FUNCTION = YES;
				GCC_WARN_UNUSED_VARIABLE = YES;
				IPHONEOS_DEPLOYMENT_TARGET = 11.2;
				MTL_ENABLE_DEBUG_INFO = YES;
				ONLY_ACTIVE_ARCH = YES;
				SDKROOT = iphoneos;
				SWIFT_ACTIVE_COMPILATION_CONDITIONS = DEBUG;
				SWIFT_OPTIMIZATION_LEVEL = "-Onone";
				VALID_ARCHS = "arm64 armv7 armv7s";
			};
			name = Debug;
		};
		607008167D664A3D8CEACB41 /* Debug */ = {
			isa = XCBuildConfiguration;
			baseConfigurationReference = 4AE5FA136FD00E5428A1957B /* Pods-Shrubbery.debug.xcconfig */;
			buildSettings = {
				ASSETCATALOG_COMPILER_APPICON_NAME = AppIcon;
				DEVELOPMENT_TEAM = U9W4S92WSP;
				INFOPLIST_FILE = shrubbery/supportedfiles/Info.plist;
				IPHONEOS_DEPLOYMENT_TARGET = 9.0;
				LD_RUNPATH_SEARCH_PATHS = "$(inherited) @executable_path/Frameworks";
				PRODUCT_BUNDLE_IDENTIFIER = com.cloverlab.shrubbery;
				PRODUCT_NAME = "$(TARGET_NAME)";
				SWIFT_VERSION = 4.0;
				TARGETED_DEVICE_FAMILY = 1;
			};
			name = Debug;
		};
		60700920292B98E263AE3DDC /* Release */ = {
			isa = XCBuildConfiguration;
			baseConfigurationReference = 12AE27D383FD2C8A4418B790 /* Pods-Shrubbery.release.xcconfig */;
			buildSettings = {
				ASSETCATALOG_COMPILER_APPICON_NAME = AppIcon;
				DEVELOPMENT_TEAM = U9W4S92WSP;
				INFOPLIST_FILE = shrubbery/supportedfiles/Info.plist;
				IPHONEOS_DEPLOYMENT_TARGET = 9.0;
				LD_RUNPATH_SEARCH_PATHS = "$(inherited) @executable_path/Frameworks";
				PRODUCT_BUNDLE_IDENTIFIER = com.cloverlab.shrubbery;
				PRODUCT_NAME = "$(TARGET_NAME)";
				SWIFT_VERSION = 4.0;
				TARGETED_DEVICE_FAMILY = 1;
			};
			name = Release;
		};
/* End XCBuildConfiguration section */

/* Begin XCConfigurationList section */
		60700A42C7E3C7E5A1BBF842 /* Build configuration list for PBXProject "Shrubbery" */ = {
			isa = XCConfigurationList;
			buildConfigurations = (
				607003E4FD2EC79FFCCF4ED4 /* Debug */,
				607002B678D88E7B4E2A4D01 /* Release */,
			);
			defaultConfigurationIsVisible = 0;
			defaultConfigurationName = Release;
		};
		60700BFDAA103C6BE03C4D71 /* Build configuration list for PBXNativeTarget "Shrubbery" */ = {
			isa = XCConfigurationList;
			buildConfigurations = (
				607008167D664A3D8CEACB41 /* Debug */,
				60700920292B98E263AE3DDC /* Release */,
			);
			defaultConfigurationIsVisible = 0;
			defaultConfigurationName = Release;
		};
/* End XCConfigurationList section */
	};
	rootObject = 60700E5A2C80310458269A57 /* Project object */;
}
