// !$*UTF8*$!
{
	archiveVersion = 1;
	classes = {
	};
	objectVersion = 46;
	objects = {

/* Begin PBXBuildFile section */
		0B8D41DC9E0ACC0EC40C8B36 /* Pods_shrubbery.framework in Frameworks */ = {isa = PBXBuildFile; fileRef = F223A37F48C23816FF305C53 /* Pods_shrubbery.framework */; };
		2B580344E53601DCA7B32765 /* Pods_shrubberyUITests.framework in Frameworks */ = {isa = PBXBuildFile; fileRef = DC4F48CB2D15C314ED3AFC74 /* Pods_shrubberyUITests.framework */; };
		3FA8E2AC9D62F4485C7345A6 /* Pods_shrubberyTests.framework in Frameworks */ = {isa = PBXBuildFile; fileRef = C440870B79C1EFA1E563DF66 /* Pods_shrubberyTests.framework */; };
		60700391C7F250408C4B6E08 /* shrubberyTests.swift in Sources */ = {isa = PBXBuildFile; fileRef = 6070026634B1DA5CBEE2EC94 /* shrubberyTests.swift */; };
		607004273246F80EA1EAFA47 /* AppDelegate.swift in Sources */ = {isa = PBXBuildFile; fileRef = 607002BA4424043A43D9C012 /* AppDelegate.swift */; };
		607005C353F8F204528DB560 /* Assets.xcassets in Resources */ = {isa = PBXBuildFile; fileRef = 60700E5F7F857C8ACA4B9790 /* Assets.xcassets */; };
		607006EFBF48971DDEE7DB05 /* ViewController.swift in Sources */ = {isa = PBXBuildFile; fileRef = 60700931B98AB9E44E924735 /* ViewController.swift */; };
		60700886F932BC160FFD92C9 /* LaunchScreen.storyboard in Resources */ = {isa = PBXBuildFile; fileRef = 60700CF7DCF50DA1A23F5A79 /* LaunchScreen.storyboard */; };
		60700C435970A8DC68E777D6 /* shrubberyUITests.swift in Sources */ = {isa = PBXBuildFile; fileRef = 6070085F2C134F6AE4539A79 /* shrubberyUITests.swift */; };
		60700D7DF7660D0E283E4A62 /* Main.storyboard in Resources */ = {isa = PBXBuildFile; fileRef = 607000C0299FD404C857B1F5 /* Main.storyboard */; };
/* End PBXBuildFile section */

/* Begin PBXContainerItemProxy section */
		6070005969B43C72619E999D /* PBXContainerItemProxy */ = {
			isa = PBXContainerItemProxy;
			containerPortal = 60700E5A2C80310458269A57 /* Project object */;
			proxyType = 1;
			remoteGlobalIDString = 6070007CDB7C2176BA17DECE;
			remoteInfo = shrubbery;
		};
		60700A501F5FD248A96FA564 /* PBXContainerItemProxy */ = {
			isa = PBXContainerItemProxy;
			containerPortal = 60700E5A2C80310458269A57 /* Project object */;
			proxyType = 1;
			remoteGlobalIDString = 6070007CDB7C2176BA17DECE;
			remoteInfo = shrubbery;
		};
/* End PBXContainerItemProxy section */

/* Begin PBXFileReference section */
		5A3FBAC5F2F5D0CA82C70727 /* Pods-shrubberyTests.debug.xcconfig */ = {isa = PBXFileReference; includeInIndex = 1; lastKnownFileType = text.xcconfig; name = "Pods-shrubberyTests.debug.xcconfig"; path = "Pods/Target Support Files/Pods-shrubberyTests/Pods-shrubberyTests.debug.xcconfig"; sourceTree = "<group>"; };
		607001EB22F06F35DDE39094 /* shrubberyTests.xctest */ = {isa = PBXFileReference; explicitFileType = wrapper.cfbundle; includeInIndex = 0; path = shrubberyTests.xctest; sourceTree = BUILT_PRODUCTS_DIR; };
		6070026634B1DA5CBEE2EC94 /* shrubberyTests.swift */ = {isa = PBXFileReference; lastKnownFileType = sourcecode.swift; path = shrubberyTests.swift; sourceTree = "<group>"; };
		6070028E3C154AB47766315D /* shrubberyUITests.xctest */ = {isa = PBXFileReference; explicitFileType = wrapper.cfbundle; includeInIndex = 0; path = shrubberyUITests.xctest; sourceTree = BUILT_PRODUCTS_DIR; };
		607002BA4424043A43D9C012 /* AppDelegate.swift */ = {isa = PBXFileReference; lastKnownFileType = sourcecode.swift; path = AppDelegate.swift; sourceTree = "<group>"; };
		607003CDDD5AC1892C5825A6 /* Info.plist */ = {isa = PBXFileReference; lastKnownFileType = text.plist.info; path = Info.plist; sourceTree = "<group>"; };
		6070085F2C134F6AE4539A79 /* shrubberyUITests.swift */ = {isa = PBXFileReference; lastKnownFileType = sourcecode.swift; path = shrubberyUITests.swift; sourceTree = "<group>"; };
		6070086B331D4F6879898B5B /* Base */ = {isa = PBXFileReference; lastKnownFileType = file.storyboard; name = Base; path = Base.lproj/LaunchScreen.storyboard; sourceTree = "<group>"; };
		607009302C7849A777B58859 /* Info.plist */ = {isa = PBXFileReference; lastKnownFileType = text.plist.info; path = Info.plist; sourceTree = "<group>"; };
		60700931B98AB9E44E924735 /* ViewController.swift */ = {isa = PBXFileReference; lastKnownFileType = sourcecode.swift; path = ViewController.swift; sourceTree = "<group>"; };
		60700949EFC8A48D65040EDC /* shrubbery.app */ = {isa = PBXFileReference; explicitFileType = wrapper.application; includeInIndex = 0; path = shrubbery.app; sourceTree = BUILT_PRODUCTS_DIR; };
		60700E305B40059CA2094C56 /* Base */ = {isa = PBXFileReference; lastKnownFileType = file.storyboard; name = Base; path = Base.lproj/Main.storyboard; sourceTree = "<group>"; };
		60700E5F7F857C8ACA4B9790 /* Assets.xcassets */ = {isa = PBXFileReference; lastKnownFileType = folder.assetcatalog; path = Assets.xcassets; sourceTree = "<group>"; };
		60700F54B4D52610EE75B8F8 /* Info.plist */ = {isa = PBXFileReference; lastKnownFileType = text.plist.info; path = Info.plist; sourceTree = "<group>"; };
		67CC92796686E4F57A0B6F93 /* Pods-shrubberyUITests.debug.xcconfig */ = {isa = PBXFileReference; includeInIndex = 1; lastKnownFileType = text.xcconfig; name = "Pods-shrubberyUITests.debug.xcconfig"; path = "Pods/Target Support Files/Pods-shrubberyUITests/Pods-shrubberyUITests.debug.xcconfig"; sourceTree = "<group>"; };
		95F811B1FBEA646257C6461E /* Pods-shrubberyTests.release.xcconfig */ = {isa = PBXFileReference; includeInIndex = 1; lastKnownFileType = text.xcconfig; name = "Pods-shrubberyTests.release.xcconfig"; path = "Pods/Target Support Files/Pods-shrubberyTests/Pods-shrubberyTests.release.xcconfig"; sourceTree = "<group>"; };
		B4C9FB9D88B94CC38A9755C1 /* Pods-shrubbery.release.xcconfig */ = {isa = PBXFileReference; includeInIndex = 1; lastKnownFileType = text.xcconfig; name = "Pods-shrubbery.release.xcconfig"; path = "Pods/Target Support Files/Pods-shrubbery/Pods-shrubbery.release.xcconfig"; sourceTree = "<group>"; };
		C440870B79C1EFA1E563DF66 /* Pods_shrubberyTests.framework */ = {isa = PBXFileReference; explicitFileType = wrapper.framework; includeInIndex = 0; path = Pods_shrubberyTests.framework; sourceTree = BUILT_PRODUCTS_DIR; };
		DC4F48CB2D15C314ED3AFC74 /* Pods_shrubberyUITests.framework */ = {isa = PBXFileReference; explicitFileType = wrapper.framework; includeInIndex = 0; path = Pods_shrubberyUITests.framework; sourceTree = BUILT_PRODUCTS_DIR; };
		E33C0FF6AD578D5C2F18EC59 /* Pods-shrubberyUITests.release.xcconfig */ = {isa = PBXFileReference; includeInIndex = 1; lastKnownFileType = text.xcconfig; name = "Pods-shrubberyUITests.release.xcconfig"; path = "Pods/Target Support Files/Pods-shrubberyUITests/Pods-shrubberyUITests.release.xcconfig"; sourceTree = "<group>"; };
		E6E16A940D2451F7FCF01F04 /* Pods-shrubbery.debug.xcconfig */ = {isa = PBXFileReference; includeInIndex = 1; lastKnownFileType = text.xcconfig; name = "Pods-shrubbery.debug.xcconfig"; path = "Pods/Target Support Files/Pods-shrubbery/Pods-shrubbery.debug.xcconfig"; sourceTree = "<group>"; };
		F223A37F48C23816FF305C53 /* Pods_shrubbery.framework */ = {isa = PBXFileReference; explicitFileType = wrapper.framework; includeInIndex = 0; path = Pods_shrubbery.framework; sourceTree = BUILT_PRODUCTS_DIR; };
/* End PBXFileReference section */

/* Begin PBXFrameworksBuildPhase section */
		607002DFA4FA9AAF9DE8C42B /* Frameworks */ = {
			isa = PBXFrameworksBuildPhase;
			buildActionMask = 2147483647;
			files = (
				3FA8E2AC9D62F4485C7345A6 /* Pods_shrubberyTests.framework in Frameworks */,
			);
			runOnlyForDeploymentPostprocessing = 0;
		};
		607009C94AE20CB75AE0C691 /* Frameworks */ = {
			isa = PBXFrameworksBuildPhase;
			buildActionMask = 2147483647;
			files = (
				2B580344E53601DCA7B32765 /* Pods_shrubberyUITests.framework in Frameworks */,
			);
			runOnlyForDeploymentPostprocessing = 0;
		};
		60700E83BF24A8EA32F67A56 /* Frameworks */ = {
			isa = PBXFrameworksBuildPhase;
			buildActionMask = 2147483647;
			files = (
				0B8D41DC9E0ACC0EC40C8B36 /* Pods_shrubbery.framework in Frameworks */,
			);
			runOnlyForDeploymentPostprocessing = 0;
		};
/* End PBXFrameworksBuildPhase section */

/* Begin PBXGroup section */
		00A95EE0DDEB4ECD2E5FFE76 /* Pods */ = {
			isa = PBXGroup;
			children = (
				E6E16A940D2451F7FCF01F04 /* Pods-shrubbery.debug.xcconfig */,
				B4C9FB9D88B94CC38A9755C1 /* Pods-shrubbery.release.xcconfig */,
				5A3FBAC5F2F5D0CA82C70727 /* Pods-shrubberyTests.debug.xcconfig */,
				95F811B1FBEA646257C6461E /* Pods-shrubberyTests.release.xcconfig */,
				67CC92796686E4F57A0B6F93 /* Pods-shrubberyUITests.debug.xcconfig */,
				E33C0FF6AD578D5C2F18EC59 /* Pods-shrubberyUITests.release.xcconfig */,
			);
			name = Pods;
			sourceTree = "<group>";
		};
		607000DC08A173D861AC0DA6 /* Products */ = {
			isa = PBXGroup;
			children = (
				60700949EFC8A48D65040EDC /* shrubbery.app */,
				607001EB22F06F35DDE39094 /* shrubberyTests.xctest */,
				6070028E3C154AB47766315D /* shrubberyUITests.xctest */,
			);
			name = Products;
			sourceTree = "<group>";
		};
		607000E5CD64100F333FFABA /* shrubberyTests */ = {
			isa = PBXGroup;
			children = (
				607009302C7849A777B58859 /* Info.plist */,
				6070026634B1DA5CBEE2EC94 /* shrubberyTests.swift */,
			);
			path = shrubberyTests;
			sourceTree = "<group>";
		};
		60700597B0F98C1235C4A33E = {
			isa = PBXGroup;
			children = (
				607000DC08A173D861AC0DA6 /* Products */,
				60700747A750ECCBB13DABBA /* shrubbery */,
				607000E5CD64100F333FFABA /* shrubberyTests */,
				60700E830BB3FB4CE9873999 /* shrubberyUITests */,
				00A95EE0DDEB4ECD2E5FFE76 /* Pods */,
				D80633FFB2E9A11005D93ED6 /* Frameworks */,
			);
			sourceTree = "<group>";
		};
		60700747A750ECCBB13DABBA /* shrubbery */ = {
			isa = PBXGroup;
			children = (
				60700F54B4D52610EE75B8F8 /* Info.plist */,
				60700E5F7F857C8ACA4B9790 /* Assets.xcassets */,
				60700CF7DCF50DA1A23F5A79 /* LaunchScreen.storyboard */,
				607002BA4424043A43D9C012 /* AppDelegate.swift */,
				607000C0299FD404C857B1F5 /* Main.storyboard */,
				60700931B98AB9E44E924735 /* ViewController.swift */,
			);
			path = shrubbery;
			sourceTree = "<group>";
		};
		60700E830BB3FB4CE9873999 /* shrubberyUITests */ = {
			isa = PBXGroup;
			children = (
				607003CDDD5AC1892C5825A6 /* Info.plist */,
				6070085F2C134F6AE4539A79 /* shrubberyUITests.swift */,
			);
			path = shrubberyUITests;
			sourceTree = "<group>";
		};
		D80633FFB2E9A11005D93ED6 /* Frameworks */ = {
			isa = PBXGroup;
			children = (
				F223A37F48C23816FF305C53 /* Pods_shrubbery.framework */,
				C440870B79C1EFA1E563DF66 /* Pods_shrubberyTests.framework */,
				DC4F48CB2D15C314ED3AFC74 /* Pods_shrubberyUITests.framework */,
			);
			name = Frameworks;
			sourceTree = "<group>";
		};
/* End PBXGroup section */

/* Begin PBXNativeTarget section */
		6070007CDB7C2176BA17DECE /* shrubbery */ = {
			isa = PBXNativeTarget;
			buildConfigurationList = 60700BFDAA103C6BE03C4D71 /* Build configuration list for PBXNativeTarget "shrubbery" */;
			buildPhases = (
				059600A2A8DE699442511666 /* [CP] Check Pods Manifest.lock */,
				607006DB7FAD677AEAA7B8EA /* Sources */,
				60700E83BF24A8EA32F67A56 /* Frameworks */,
				60700FE5C5D911D27B8247B2 /* Resources */,
				EF42D925E13CE19979EE558D /* [CP] Embed Pods Frameworks */,
				725DDB954D92CA847600A6FB /* [CP] Copy Pods Resources */,
			);
			buildRules = (
			);
			dependencies = (
			);
			name = shrubbery;
			productName = shrubbery;
			productReference = 60700949EFC8A48D65040EDC /* shrubbery.app */;
			productType = "com.apple.product-type.application";
		};
		6070071FF306EE9A113B31F3 /* shrubberyTests */ = {
			isa = PBXNativeTarget;
			buildConfigurationList = 6070000324A63196697B9865 /* Build configuration list for PBXNativeTarget "shrubberyTests" */;
			buildPhases = (
				6976BFE84F942C52CB118BBA /* [CP] Check Pods Manifest.lock */,
				60700282FEDC94A606DE7664 /* Sources */,
				607002DFA4FA9AAF9DE8C42B /* Frameworks */,
				607001A6FEE3DBCBA1AE6D9F /* Resources */,
				639657B1E710FED5EBE46E85 /* [CP] Embed Pods Frameworks */,
				A4152A25C8EF634002FFBE5B /* [CP] Copy Pods Resources */,
			);
			buildRules = (
			);
			dependencies = (
				60700989470F33639FF05C0E /* PBXTargetDependency */,
			);
			name = shrubberyTests;
			productName = shrubberyTests;
			productReference = 607001EB22F06F35DDE39094 /* shrubberyTests.xctest */;
			productType = "com.apple.product-type.bundle.unit-test";
		};
		60700DF0529D3A31FD6B39FE /* shrubberyUITests */ = {
			isa = PBXNativeTarget;
			buildConfigurationList = 607005C0D1E45D8966EF0A3B /* Build configuration list for PBXNativeTarget "shrubberyUITests" */;
			buildPhases = (
				DEDE45F0122A5E2AE274C566 /* [CP] Check Pods Manifest.lock */,
				6070049F90BEB84C72802DA0 /* Sources */,
				607009C94AE20CB75AE0C691 /* Frameworks */,
				607000FE8A1B763249BEBE06 /* Resources */,
				D52353D68927C837376C4F23 /* [CP] Embed Pods Frameworks */,
				FD39D05C110EB09F1AEDE74D /* [CP] Copy Pods Resources */,
			);
			buildRules = (
			);
			dependencies = (
				6070000D705972571C0D4695 /* PBXTargetDependency */,
			);
			name = shrubberyUITests;
			productName = shrubberyUITests;
			productReference = 6070028E3C154AB47766315D /* shrubberyUITests.xctest */;
			productType = "com.apple.product-type.bundle.ui-testing";
		};
/* End PBXNativeTarget section */

/* Begin PBXProject section */
		60700E5A2C80310458269A57 /* Project object */ = {
			isa = PBXProject;
			attributes = {
				ORGANIZATIONNAME = ___FULLUSERNAME___;
			};
			buildConfigurationList = 60700A42C7E3C7E5A1BBF842 /* Build configuration list for PBXProject "shrubbery" */;
			compatibilityVersion = "Xcode 3.2";
			developmentRegion = English;
			hasScannedForEncodings = 0;
			knownRegions = (
				en,
			);
			mainGroup = 60700597B0F98C1235C4A33E;
			productRefGroup = 607000DC08A173D861AC0DA6 /* Products */;
			projectDirPath = "";
			projectRoot = "";
			targets = (
				6070007CDB7C2176BA17DECE /* shrubbery */,
				6070071FF306EE9A113B31F3 /* shrubberyTests */,
				60700DF0529D3A31FD6B39FE /* shrubberyUITests */,
			);
		};
/* End PBXProject section */

/* Begin PBXResourcesBuildPhase section */
		607000FE8A1B763249BEBE06 /* Resources */ = {
			isa = PBXResourcesBuildPhase;
			buildActionMask = 2147483647;
			files = (
			);
			runOnlyForDeploymentPostprocessing = 0;
		};
		607001A6FEE3DBCBA1AE6D9F /* Resources */ = {
			isa = PBXResourcesBuildPhase;
			buildActionMask = 2147483647;
			files = (
			);
			runOnlyForDeploymentPostprocessing = 0;
		};
		60700FE5C5D911D27B8247B2 /* Resources */ = {
			isa = PBXResourcesBuildPhase;
			buildActionMask = 2147483647;
			files = (
				607005C353F8F204528DB560 /* Assets.xcassets in Resources */,
				60700886F932BC160FFD92C9 /* LaunchScreen.storyboard in Resources */,
				60700D7DF7660D0E283E4A62 /* Main.storyboard in Resources */,
			);
			runOnlyForDeploymentPostprocessing = 0;
		};
/* End PBXResourcesBuildPhase section */

/* Begin PBXShellScriptBuildPhase section */
		059600A2A8DE699442511666 /* [CP] Check Pods Manifest.lock */ = {
			isa = PBXShellScriptBuildPhase;
			buildActionMask = 2147483647;
			files = (
			);
			inputPaths = (
				"${PODS_PODFILE_DIR_PATH}/Podfile.lock",
				"${PODS_ROOT}/Manifest.lock",
			);
			name = "[CP] Check Pods Manifest.lock";
			outputPaths = (
				"$(DERIVED_FILE_DIR)/Pods-shrubbery-checkManifestLockResult.txt",
			);
			runOnlyForDeploymentPostprocessing = 0;
			shellPath = /bin/sh;
			shellScript = "diff \"${PODS_PODFILE_DIR_PATH}/Podfile.lock\" \"${PODS_ROOT}/Manifest.lock\" > /dev/null\nif [ $? != 0 ] ; then\n    # print error to STDERR\n    echo \"error: The sandbox is not in sync with the Podfile.lock. Run 'pod install' or update your CocoaPods installation.\" >&2\n    exit 1\nfi\n# This output is used by Xcode 'outputs' to avoid re-running this script phase.\necho \"SUCCESS\" > \"${SCRIPT_OUTPUT_FILE_0}\"\n";
			showEnvVarsInLog = 0;
		};
		639657B1E710FED5EBE46E85 /* [CP] Embed Pods Frameworks */ = {
			isa = PBXShellScriptBuildPhase;
			buildActionMask = 2147483647;
			files = (
			);
			inputPaths = (
				"${SRCROOT}/Pods/Target Support Files/Pods-shrubberyTests/Pods-shrubberyTests-frameworks.sh",
				"${BUILT_PRODUCTS_DIR}/RxSwift/RxSwift.framework",
				"${BUILT_PRODUCTS_DIR}/RxBlocking/RxBlocking.framework",
				"${BUILT_PRODUCTS_DIR}/RxTest/RxTest.framework",
			);
			name = "[CP] Embed Pods Frameworks";
			outputPaths = (
				"${TARGET_BUILD_DIR}/${FRAMEWORKS_FOLDER_PATH}/RxSwift.framework",
				"${TARGET_BUILD_DIR}/${FRAMEWORKS_FOLDER_PATH}/RxBlocking.framework",
				"${TARGET_BUILD_DIR}/${FRAMEWORKS_FOLDER_PATH}/RxTest.framework",
			);
			runOnlyForDeploymentPostprocessing = 0;
			shellPath = /bin/sh;
			shellScript = "\"${SRCROOT}/Pods/Target Support Files/Pods-shrubberyTests/Pods-shrubberyTests-frameworks.sh\"\n";
			showEnvVarsInLog = 0;
		};
		6976BFE84F942C52CB118BBA /* [CP] Check Pods Manifest.lock */ = {
			isa = PBXShellScriptBuildPhase;
			buildActionMask = 2147483647;
			files = (
			);
			inputPaths = (
				"${PODS_PODFILE_DIR_PATH}/Podfile.lock",
				"${PODS_ROOT}/Manifest.lock",
			);
			name = "[CP] Check Pods Manifest.lock";
			outputPaths = (
				"$(DERIVED_FILE_DIR)/Pods-shrubberyTests-checkManifestLockResult.txt",
			);
			runOnlyForDeploymentPostprocessing = 0;
			shellPath = /bin/sh;
			shellScript = "diff \"${PODS_PODFILE_DIR_PATH}/Podfile.lock\" \"${PODS_ROOT}/Manifest.lock\" > /dev/null\nif [ $? != 0 ] ; then\n    # print error to STDERR\n    echo \"error: The sandbox is not in sync with the Podfile.lock. Run 'pod install' or update your CocoaPods installation.\" >&2\n    exit 1\nfi\n# This output is used by Xcode 'outputs' to avoid re-running this script phase.\necho \"SUCCESS\" > \"${SCRIPT_OUTPUT_FILE_0}\"\n";
			showEnvVarsInLog = 0;
		};
		725DDB954D92CA847600A6FB /* [CP] Copy Pods Resources */ = {
			isa = PBXShellScriptBuildPhase;
			buildActionMask = 2147483647;
			files = (
			);
			inputPaths = (
			);
			name = "[CP] Copy Pods Resources";
			outputPaths = (
			);
			runOnlyForDeploymentPostprocessing = 0;
			shellPath = /bin/sh;
			shellScript = "\"${SRCROOT}/Pods/Target Support Files/Pods-shrubbery/Pods-shrubbery-resources.sh\"\n";
			showEnvVarsInLog = 0;
		};
		A4152A25C8EF634002FFBE5B /* [CP] Copy Pods Resources */ = {
			isa = PBXShellScriptBuildPhase;
			buildActionMask = 2147483647;
			files = (
			);
			inputPaths = (
			);
			name = "[CP] Copy Pods Resources";
			outputPaths = (
			);
			runOnlyForDeploymentPostprocessing = 0;
			shellPath = /bin/sh;
			shellScript = "\"${SRCROOT}/Pods/Target Support Files/Pods-shrubberyTests/Pods-shrubberyTests-resources.sh\"\n";
			showEnvVarsInLog = 0;
		};
		D52353D68927C837376C4F23 /* [CP] Embed Pods Frameworks */ = {
			isa = PBXShellScriptBuildPhase;
			buildActionMask = 2147483647;
			files = (
			);
			inputPaths = (
			);
			name = "[CP] Embed Pods Frameworks";
			outputPaths = (
			);
			runOnlyForDeploymentPostprocessing = 0;
			shellPath = /bin/sh;
			shellScript = "\"${SRCROOT}/Pods/Target Support Files/Pods-shrubberyUITests/Pods-shrubberyUITests-frameworks.sh\"\n";
			showEnvVarsInLog = 0;
		};
		DEDE45F0122A5E2AE274C566 /* [CP] Check Pods Manifest.lock */ = {
			isa = PBXShellScriptBuildPhase;
			buildActionMask = 2147483647;
			files = (
			);
			inputPaths = (
				"${PODS_PODFILE_DIR_PATH}/Podfile.lock",
				"${PODS_ROOT}/Manifest.lock",
			);
			name = "[CP] Check Pods Manifest.lock";
			outputPaths = (
				"$(DERIVED_FILE_DIR)/Pods-shrubberyUITests-checkManifestLockResult.txt",
			);
			runOnlyForDeploymentPostprocessing = 0;
			shellPath = /bin/sh;
			shellScript = "diff \"${PODS_PODFILE_DIR_PATH}/Podfile.lock\" \"${PODS_ROOT}/Manifest.lock\" > /dev/null\nif [ $? != 0 ] ; then\n    # print error to STDERR\n    echo \"error: The sandbox is not in sync with the Podfile.lock. Run 'pod install' or update your CocoaPods installation.\" >&2\n    exit 1\nfi\n# This output is used by Xcode 'outputs' to avoid re-running this script phase.\necho \"SUCCESS\" > \"${SCRIPT_OUTPUT_FILE_0}\"\n";
			showEnvVarsInLog = 0;
		};
		EF42D925E13CE19979EE558D /* [CP] Embed Pods Frameworks */ = {
			isa = PBXShellScriptBuildPhase;
			buildActionMask = 2147483647;
			files = (
			);
			inputPaths = (
				"${SRCROOT}/Pods/Target Support Files/Pods-shrubbery/Pods-shrubbery-frameworks.sh",
				"${BUILT_PRODUCTS_DIR}/Alamofire/Alamofire.framework",
				"${BUILT_PRODUCTS_DIR}/RxCocoa/RxCocoa.framework",
				"${BUILT_PRODUCTS_DIR}/RxSwift/RxSwift.framework",
				"${BUILT_PRODUCTS_DIR}/SwiftyJSON/SwiftyJSON.framework",
			);
			name = "[CP] Embed Pods Frameworks";
			outputPaths = (
				"${TARGET_BUILD_DIR}/${FRAMEWORKS_FOLDER_PATH}/Alamofire.framework",
				"${TARGET_BUILD_DIR}/${FRAMEWORKS_FOLDER_PATH}/RxCocoa.framework",
				"${TARGET_BUILD_DIR}/${FRAMEWORKS_FOLDER_PATH}/RxSwift.framework",
				"${TARGET_BUILD_DIR}/${FRAMEWORKS_FOLDER_PATH}/SwiftyJSON.framework",
			);
			runOnlyForDeploymentPostprocessing = 0;
			shellPath = /bin/sh;
			shellScript = "\"${SRCROOT}/Pods/Target Support Files/Pods-shrubbery/Pods-shrubbery-frameworks.sh\"\n";
			showEnvVarsInLog = 0;
		};
		FD39D05C110EB09F1AEDE74D /* [CP] Copy Pods Resources */ = {
			isa = PBXShellScriptBuildPhase;
			buildActionMask = 2147483647;
			files = (
			);
			inputPaths = (
			);
			name = "[CP] Copy Pods Resources";
			outputPaths = (
			);
			runOnlyForDeploymentPostprocessing = 0;
			shellPath = /bin/sh;
			shellScript = "\"${SRCROOT}/Pods/Target Support Files/Pods-shrubberyUITests/Pods-shrubberyUITests-resources.sh\"\n";
			showEnvVarsInLog = 0;
		};
/* End PBXShellScriptBuildPhase section */

/* Begin PBXSourcesBuildPhase section */
		60700282FEDC94A606DE7664 /* Sources */ = {
			isa = PBXSourcesBuildPhase;
			buildActionMask = 2147483647;
			files = (
				60700391C7F250408C4B6E08 /* shrubberyTests.swift in Sources */,
			);
			runOnlyForDeploymentPostprocessing = 0;
		};
		6070049F90BEB84C72802DA0 /* Sources */ = {
			isa = PBXSourcesBuildPhase;
			buildActionMask = 2147483647;
			files = (
				60700C435970A8DC68E777D6 /* shrubberyUITests.swift in Sources */,
			);
			runOnlyForDeploymentPostprocessing = 0;
		};
		607006DB7FAD677AEAA7B8EA /* Sources */ = {
			isa = PBXSourcesBuildPhase;
			buildActionMask = 2147483647;
			files = (
				607004273246F80EA1EAFA47 /* AppDelegate.swift in Sources */,
				607006EFBF48971DDEE7DB05 /* ViewController.swift in Sources */,
			);
			runOnlyForDeploymentPostprocessing = 0;
		};
/* End PBXSourcesBuildPhase section */

/* Begin PBXTargetDependency section */
		6070000D705972571C0D4695 /* PBXTargetDependency */ = {
			isa = PBXTargetDependency;
			target = 6070007CDB7C2176BA17DECE /* shrubbery */;
			targetProxy = 6070005969B43C72619E999D /* PBXContainerItemProxy */;
		};
		60700989470F33639FF05C0E /* PBXTargetDependency */ = {
			isa = PBXTargetDependency;
			target = 6070007CDB7C2176BA17DECE /* shrubbery */;
			targetProxy = 60700A501F5FD248A96FA564 /* PBXContainerItemProxy */;
		};
/* End PBXTargetDependency section */

/* Begin PBXVariantGroup section */
		607000C0299FD404C857B1F5 /* Main.storyboard */ = {
			isa = PBXVariantGroup;
			children = (
				60700E305B40059CA2094C56 /* Base */,
			);
			name = Main.storyboard;
			sourceTree = "<group>";
		};
		60700CF7DCF50DA1A23F5A79 /* LaunchScreen.storyboard */ = {
			isa = PBXVariantGroup;
			children = (
				6070086B331D4F6879898B5B /* Base */,
			);
			name = LaunchScreen.storyboard;
			sourceTree = "<group>";
		};
/* End PBXVariantGroup section */

/* Begin XCBuildConfiguration section */
		607000C5436F3BF826F35F6E /* Debug */ = {
			isa = XCBuildConfiguration;
			baseConfigurationReference = 67CC92796686E4F57A0B6F93 /* Pods-shrubberyUITests.debug.xcconfig */;
			buildSettings = {
				INFOPLIST_FILE = shrubberyUITests/Info.plist;
				LD_RUNPATH_SEARCH_PATHS = "$(inherited) @executable_path/Frameworks @loader_path/Frameworks";
				PRODUCT_BUNDLE_IDENTIFIER = com.cloverlab.shrubberyUITests;
				PRODUCT_NAME = "$(TARGET_NAME)";
				SWIFT_VERSION = 4.0;
				TARGETED_DEVICE_FAMILY = "1,2";
				TEST_TARGET_NAME = shrubbery;
			};
			name = Debug;
		};
		60700103478423CD1D1D21E9 /* Debug */ = {
			isa = XCBuildConfiguration;
			baseConfigurationReference = 5A3FBAC5F2F5D0CA82C70727 /* Pods-shrubberyTests.debug.xcconfig */;
			buildSettings = {
				BUNDLE_LOADER = "$(BUILT_PRODUCTS_DIR)/shrubbery.app/shrubbery";
				INFOPLIST_FILE = shrubberyTests/Info.plist;
				LD_RUNPATH_SEARCH_PATHS = "$(inherited) @executable_path/Frameworks @loader_path/Frameworks";
				PRODUCT_BUNDLE_IDENTIFIER = com.cloverlab.shrubberyTests;
				PRODUCT_NAME = "$(TARGET_NAME)";
				SWIFT_VERSION = 4.0;
				TARGETED_DEVICE_FAMILY = "1,2";
				TEST_HOST = "$(BUNDLE_LOADER)";
			};
			name = Debug;
		};
		607001612E6506A000CF2202 /* Release */ = {
			isa = XCBuildConfiguration;
			baseConfigurationReference = 95F811B1FBEA646257C6461E /* Pods-shrubberyTests.release.xcconfig */;
			buildSettings = {
				BUNDLE_LOADER = "$(BUILT_PRODUCTS_DIR)/shrubbery.app/shrubbery";
				INFOPLIST_FILE = shrubberyTests/Info.plist;
				LD_RUNPATH_SEARCH_PATHS = "$(inherited) @executable_path/Frameworks @loader_path/Frameworks";
				PRODUCT_BUNDLE_IDENTIFIER = com.cloverlab.shrubberyTests;
				PRODUCT_NAME = "$(TARGET_NAME)";
				SWIFT_VERSION = 4.0;
				TARGETED_DEVICE_FAMILY = "1,2";
				TEST_HOST = "$(BUNDLE_LOADER)";
			};
			name = Release;
		};
		607002B678D88E7B4E2A4D01 /* Release */ = {
			isa = XCBuildConfiguration;
			buildSettings = {
				ALWAYS_SEARCH_USER_PATHS = NO;
				CLANG_ANALYZER_NONNULL = YES;
				CLANG_ANALYZER_NUMBER_OBJECT_CONVERSION = YES_AGGRESSIVE;
				CLANG_CXX_LANGUAGE_STANDARD = "gnu++14";
				CLANG_CXX_LIBRARY = "libc++";
				CLANG_ENABLE_MODULES = YES;
				CLANG_ENABLE_OBJC_ARC = YES;
				CLANG_WARN_BLOCK_CAPTURE_AUTORELEASING = YES;
				CLANG_WARN_BOOL_CONVERSION = YES;
				CLANG_WARN_COMMA = YES;
				CLANG_WARN_CONSTANT_CONVERSION = YES;
				CLANG_WARN_DIRECT_OBJC_ISA_USAGE = YES_ERROR;
				CLANG_WARN_DOCUMENTATION_COMMENTS = YES;
				CLANG_WARN_EMPTY_BODY = YES;
				CLANG_WARN_ENUM_CONVERSION = YES;
				CLANG_WARN_INFINITE_RECURSION = YES;
				CLANG_WARN_INT_CONVERSION = YES;
				CLANG_WARN_NON_LITERAL_NULL_CONVERSION = YES;
				CLANG_WARN_OBJC_LITERAL_CONVERSION = YES;
				CLANG_WARN_OBJC_ROOT_CLASS = YES_ERROR;
				CLANG_WARN_RANGE_LOOP_ANALYSIS = YES;
				CLANG_WARN_STRICT_PROTOTYPES = YES;
				CLANG_WARN_SUSPICIOUS_MOVE = YES;
				CLANG_WARN_UNGUARDED_AVAILABILITY = YES_AGGRESSIVE;
				CLANG_WARN_UNREACHABLE_CODE = YES;
				CLANG_WARN__DUPLICATE_METHOD_MATCH = YES;
				CODE_SIGN_IDENTITY = "iPhone Developer";
				COPY_PHASE_STRIP = NO;
				DEBUG_INFORMATION_FORMAT = "dwarf-with-dsym";
				ENABLE_NS_ASSERTIONS = NO;
				ENABLE_STRICT_OBJC_MSGSEND = YES;
				GCC_C_LANGUAGE_STANDARD = gnu11;
				GCC_NO_COMMON_BLOCKS = YES;
				GCC_WARN_64_TO_32_BIT_CONVERSION = YES;
				GCC_WARN_ABOUT_RETURN_TYPE = YES_ERROR;
				GCC_WARN_UNDECLARED_SELECTOR = YES;
				GCC_WARN_UNINITIALIZED_AUTOS = YES_AGGRESSIVE;
				GCC_WARN_UNUSED_FUNCTION = YES;
				GCC_WARN_UNUSED_VARIABLE = YES;
				IPHONEOS_DEPLOYMENT_TARGET = 11.2;
				MTL_ENABLE_DEBUG_INFO = NO;
				SDKROOT = iphoneos;
				SWIFT_OPTIMIZATION_LEVEL = "-Owholemodule";
				VALIDATE_PRODUCT = YES;
			};
			name = Release;
		};
		607003E4FD2EC79FFCCF4ED4 /* Debug */ = {
			isa = XCBuildConfiguration;
			buildSettings = {
				ALWAYS_SEARCH_USER_PATHS = NO;
				CLANG_ANALYZER_NONNULL = YES;
				CLANG_ANALYZER_NUMBER_OBJECT_CONVERSION = YES_AGGRESSIVE;
				CLANG_CXX_LANGUAGE_STANDARD = "gnu++14";
				CLANG_CXX_LIBRARY = "libc++";
				CLANG_ENABLE_MODULES = YES;
				CLANG_ENABLE_OBJC_ARC = YES;
				CLANG_WARN_BLOCK_CAPTURE_AUTORELEASING = YES;
				CLANG_WARN_BOOL_CONVERSION = YES;
				CLANG_WARN_COMMA = YES;
				CLANG_WARN_CONSTANT_CONVERSION = YES;
				CLANG_WARN_DIRECT_OBJC_ISA_USAGE = YES_ERROR;
				CLANG_WARN_DOCUMENTATION_COMMENTS = YES;
				CLANG_WARN_EMPTY_BODY = YES;
				CLANG_WARN_ENUM_CONVERSION = YES;
				CLANG_WARN_INFINITE_RECURSION = YES;
				CLANG_WARN_INT_CONVERSION = YES;
				CLANG_WARN_NON_LITERAL_NULL_CONVERSION = YES;
				CLANG_WARN_OBJC_LITERAL_CONVERSION = YES;
				CLANG_WARN_OBJC_ROOT_CLASS = YES_ERROR;
				CLANG_WARN_RANGE_LOOP_ANALYSIS = YES;
				CLANG_WARN_STRICT_PROTOTYPES = YES;
				CLANG_WARN_SUSPICIOUS_MOVE = YES;
				CLANG_WARN_UNGUARDED_AVAILABILITY = YES_AGGRESSIVE;
				CLANG_WARN_UNREACHABLE_CODE = YES;
				CLANG_WARN__DUPLICATE_METHOD_MATCH = YES;
				CODE_SIGN_IDENTITY = "iPhone Developer";
				COPY_PHASE_STRIP = NO;
				DEBUG_INFORMATION_FORMAT = dwarf;
				ENABLE_STRICT_OBJC_MSGSEND = YES;
				ENABLE_TESTABILITY = YES;
				GCC_C_LANGUAGE_STANDARD = gnu11;
				GCC_DYNAMIC_NO_PIC = NO;
				GCC_NO_COMMON_BLOCKS = YES;
				GCC_OPTIMIZATION_LEVEL = 0;
				GCC_PREPROCESSOR_DEFINITIONS = (
					"DEBUG=1",
					"$(inherited)",
				);
				GCC_WARN_64_TO_32_BIT_CONVERSION = YES;
				GCC_WARN_ABOUT_RETURN_TYPE = YES_ERROR;
				GCC_WARN_UNDECLARED_SELECTOR = YES;
				GCC_WARN_UNINITIALIZED_AUTOS = YES_AGGRESSIVE;
				GCC_WARN_UNUSED_FUNCTION = YES;
				GCC_WARN_UNUSED_VARIABLE = YES;
				IPHONEOS_DEPLOYMENT_TARGET = 11.2;
				MTL_ENABLE_DEBUG_INFO = YES;
				ONLY_ACTIVE_ARCH = YES;
				SDKROOT = iphoneos;
				SWIFT_ACTIVE_COMPILATION_CONDITIONS = DEBUG;
				SWIFT_OPTIMIZATION_LEVEL = "-Onone";
			};
			name = Debug;
		};
		60700506D475D64308FC07BC /* Release */ = {
			isa = XCBuildConfiguration;
			baseConfigurationReference = E33C0FF6AD578D5C2F18EC59 /* Pods-shrubberyUITests.release.xcconfig */;
			buildSettings = {
				INFOPLIST_FILE = shrubberyUITests/Info.plist;
				LD_RUNPATH_SEARCH_PATHS = "$(inherited) @executable_path/Frameworks @loader_path/Frameworks";
				PRODUCT_BUNDLE_IDENTIFIER = com.cloverlab.shrubberyUITests;
				PRODUCT_NAME = "$(TARGET_NAME)";
				SWIFT_VERSION = 4.0;
				TARGETED_DEVICE_FAMILY = "1,2";
				TEST_TARGET_NAME = shrubbery;
			};
			name = Release;
		};
		607008167D664A3D8CEACB41 /* Debug */ = {
			isa = XCBuildConfiguration;
			baseConfigurationReference = E6E16A940D2451F7FCF01F04 /* Pods-shrubbery.debug.xcconfig */;
			buildSettings = {
				ASSETCATALOG_COMPILER_APPICON_NAME = AppIcon;
				INFOPLIST_FILE = shrubbery/Info.plist;
				LD_RUNPATH_SEARCH_PATHS = "$(inherited) @executable_path/Frameworks";
				PRODUCT_BUNDLE_IDENTIFIER = com.cloverlab.shrubbery;
				PRODUCT_NAME = "$(TARGET_NAME)";
				SWIFT_VERSION = 4.0;
				TARGETED_DEVICE_FAMILY = "1,2";
			};
			name = Debug;
		};
		60700920292B98E263AE3DDC /* Release */ = {
			isa = XCBuildConfiguration;
			baseConfigurationReference = B4C9FB9D88B94CC38A9755C1 /* Pods-shrubbery.release.xcconfig */;
			buildSettings = {
				ASSETCATALOG_COMPILER_APPICON_NAME = AppIcon;
				INFOPLIST_FILE = shrubbery/Info.plist;
				LD_RUNPATH_SEARCH_PATHS = "$(inherited) @executable_path/Frameworks";
				PRODUCT_BUNDLE_IDENTIFIER = com.cloverlab.shrubbery;
				PRODUCT_NAME = "$(TARGET_NAME)";
				SWIFT_VERSION = 4.0;
				TARGETED_DEVICE_FAMILY = "1,2";
			};
			name = Release;
		};
/* End XCBuildConfiguration section */

/* Begin XCConfigurationList section */
		6070000324A63196697B9865 /* Build configuration list for PBXNativeTarget "shrubberyTests" */ = {
			isa = XCConfigurationList;
			buildConfigurations = (
				60700103478423CD1D1D21E9 /* Debug */,
				607001612E6506A000CF2202 /* Release */,
			);
			defaultConfigurationIsVisible = 0;
		};
		607005C0D1E45D8966EF0A3B /* Build configuration list for PBXNativeTarget "shrubberyUITests" */ = {
			isa = XCConfigurationList;
			buildConfigurations = (
				607000C5436F3BF826F35F6E /* Debug */,
				60700506D475D64308FC07BC /* Release */,
			);
			defaultConfigurationIsVisible = 0;
		};
		60700A42C7E3C7E5A1BBF842 /* Build configuration list for PBXProject "shrubbery" */ = {
			isa = XCConfigurationList;
			buildConfigurations = (
				607003E4FD2EC79FFCCF4ED4 /* Debug */,
				607002B678D88E7B4E2A4D01 /* Release */,
			);
			defaultConfigurationIsVisible = 0;
			defaultConfigurationName = Release;
		};
		60700BFDAA103C6BE03C4D71 /* Build configuration list for PBXNativeTarget "shrubbery" */ = {
			isa = XCConfigurationList;
			buildConfigurations = (
				607008167D664A3D8CEACB41 /* Debug */,
				60700920292B98E263AE3DDC /* Release */,
			);
			defaultConfigurationIsVisible = 0;
		};
/* End XCConfigurationList section */
	};
	rootObject = 60700E5A2C80310458269A57 /* Project object */;
}
